
Microsoft Visual Studio Solution File, Format Version 12.00
# Visual Studio Version 16
VisualStudioVersion = 16.0.30907.101
MinimumVisualStudioVersion = 10.0.40219.1
Project("{FAE04EC0-301F-11D3-BF4B-00C04F79EFBC}") = "ROB19002438_LP20549A1_advDB", "ROB19002438_LP20549A1_advDB.csproj", "{05A051BF-CC2B-4870-A7B3-C1F628269371}"
EndProject
Global
	GlobalSection(SolutionConfigurationPlatforms) = preSolution
		Debug|Any CPU = Debug|Any CPU
		Release|Any CPU = Release|Any CPU
	EndGlobalSection
	GlobalSection(ProjectConfigurationPlatforms) = postSolution
		{05A051BF-CC2B-4870-A7B3-C1F628269371}.Debug|Any CPU.ActiveCfg = Debug|Any CPU
		{05A051BF-CC2B-4870-A7B3-C1F628269371}.Debug|Any CPU.Build.0 = Debug|Any CPU
		{05A051BF-CC2B-4870-A7B3-C1F628269371}.Release|Any CPU.ActiveCfg = Release|Any CPU
		{05A051BF-CC2B-4870-A7B3-C1F628269371}.Release|Any CPU.Build.0 = Release|Any CPU
	EndGlobalSection
	GlobalSection(SolutionProperties) = preSolution
		HideSolutionNode = FALSE
	EndGlobalSection
	GlobalSection(ExtensibilityGlobals) = postSolution
		SolutionGuid = {C75557CD-85A6-4A78-A943-3CCAB2673D14}
	EndGlobalSection
EndGlobal
